Microsoft Visual Studio Solution File, Format Version 12.00
# Visual Studio Version 17
VisualStudioVersion = 17.5.2.0
MinimumVisualStudioVersion = 10.0.40219.1
Project("{2150E333-8FDC-42A3-9474-1A3956D46DE8}") = "C#", "C#", "{1DBD47E2-544B-F58A-27AE-70AE938492FA}"
EndProject
Project("{2150E333-8FDC-42A3-9474-1A3956D46DE8}") = "Day1", "Day1", "{81D17993-8280-60B3-F5B4-DCA29A762B87}"
EndProject
Project("{FAE04EC0-301F-11D3-BF4B-00C04F79EFBC}") = "FirstApp", "C#\Day1\FirstApp.csproj", "{62F455AC-F497-4202-03E9-5F16D0F90E17}"
EndProject
Global
	GlobalSection(SolutionConfigurationPlatforms) = preSolution
		Debug|Any CPU = Debug|Any CPU
		Release|Any CPU = Release|Any CPU
	EndGlobalSection
	GlobalSection(ProjectConfigurationPlatforms) = postSolution
		{62F455AC-F497-4202-03E9-5F16D0F90E17}.Debug|Any CPU.ActiveCfg = Debug|Any CPU
		{62F455AC-F497-4202-03E9-5F16D0F90E17}.Debug|Any CPU.Build.0 = Debug|Any CPU
		{62F455AC-F497-4202-03E9-5F16D0F90E17}.Release|Any CPU.ActiveCfg = Release|Any CPU
		{62F455AC-F497-4202-03E9-5F16D0F90E17}.Release|Any CPU.Build.0 = Release|Any CPU
	EndGlobalSection
	GlobalSection(SolutionProperties) = preSolution
		HideSolutionNode = FALSE
	EndGlobalSection
	GlobalSection(NestedProjects) = preSolution
		{81D17993-8280-60B3-F5B4-DCA29A762B87} = {1DBD47E2-544B-F58A-27AE-70AE938492FA}
		{62F455AC-F497-4202-03E9-5F16D0F90E17} = {81D17993-8280-60B3-F5B4-DCA29A762B87}
	EndGlobalSection
	GlobalSection(ExtensibilityGlobals) = postSolution
		SolutionGuid = {2309A66E-AE4D-458F-86AB-094B6E676B70}
	EndGlobalSection
EndGlobal
