Microsoft Visual Studio Solution File, Format Version 12.00
# Visual Studio Version 17
VisualStudioVersion = 17.5.2.0
MinimumVisualStudioVersion = 10.0.40219.1
Project("{FAE04EC0-301F-11D3-BF4B-00C04F79EFBC}") = "HealthSyncAdvancedBilling", "HealthSyncAdvancedBilling.csproj", "{DD8AF5A8-2CCA-68F5-C70F-5C5B28E0D659}"
EndProject
Global
	GlobalSection(SolutionConfigurationPlatforms) = preSolution
		Debug|Any CPU = Debug|Any CPU
		Release|Any CPU = Release|Any CPU
	EndGlobalSection
	GlobalSection(ProjectConfigurationPlatforms) = postSolution
		{DD8AF5A8-2CCA-68F5-C70F-5C5B28E0D659}.Debug|Any CPU.ActiveCfg = Debug|Any CPU
		{DD8AF5A8-2CCA-68F5-C70F-5C5B28E0D659}.Debug|Any CPU.Build.0 = Debug|Any CPU
		{DD8AF5A8-2CCA-68F5-C70F-5C5B28E0D659}.Release|Any CPU.ActiveCfg = Release|Any CPU
		{DD8AF5A8-2CCA-68F5-C70F-5C5B28E0D659}.Release|Any CPU.Build.0 = Release|Any CPU
	EndGlobalSection
	GlobalSection(SolutionProperties) = preSolution
		HideSolutionNode = FALSE
	EndGlobalSection
	GlobalSection(ExtensibilityGlobals) = postSolution
		SolutionGuid = {B9E7D511-71BF-4085-BECC-9726B396907C}
	EndGlobalSection
EndGlobal
