Microsoft Visual Studio Solution File, Format Version 12.00
# Visual Studio Version 17
VisualStudioVersion = 17.5.2.0
MinimumVisualStudioVersion = 10.0.40219.1
Project("{2150E333-8FDC-42A3-9474-1A3956D46DE8}") = "Day1", "Day1", "{A80DBF83-DCD5-128A-3B07-83B9CCE4E82C}"
EndProject
Project("{FAE04EC0-301F-11D3-BF4B-00C04F79EFBC}") = "Day2", "Day2\Day2.csproj", "{8CAB0D86-1944-3217-0369-BEEA92F5DAFB}"
EndProject
Project("{FAE04EC0-301F-11D3-BF4B-00C04F79EFBC}") = "FirstApp", "Day1\FirstApp.csproj", "{53A9F88D-471C-2C9F-9BF3-CA6FD0B3AF85}"
EndProject
Global
	GlobalSection(SolutionConfigurationPlatforms) = preSolution
		Debug|Any CPU = Debug|Any CPU
		Release|Any CPU = Release|Any CPU
	EndGlobalSection
	GlobalSection(ProjectConfigurationPlatforms) = postSolution
		{8CAB0D86-1944-3217-0369-BEEA92F5DAFB}.Debug|Any CPU.ActiveCfg = Debug|Any CPU
		{8CAB0D86-1944-3217-0369-BEEA92F5DAFB}.Debug|Any CPU.Build.0 = Debug|Any CPU
		{8CAB0D86-1944-3217-0369-BEEA92F5DAFB}.Release|Any CPU.ActiveCfg = Release|Any CPU
		{8CAB0D86-1944-3217-0369-BEEA92F5DAFB}.Release|Any CPU.Build.0 = Release|Any CPU
		{53A9F88D-471C-2C9F-9BF3-CA6FD0B3AF85}.Debug|Any CPU.ActiveCfg = Debug|Any CPU
		{53A9F88D-471C-2C9F-9BF3-CA6FD0B3AF85}.Debug|Any CPU.Build.0 = Debug|Any CPU
		{53A9F88D-471C-2C9F-9BF3-CA6FD0B3AF85}.Release|Any CPU.ActiveCfg = Release|Any CPU
		{53A9F88D-471C-2C9F-9BF3-CA6FD0B3AF85}.Release|Any CPU.Build.0 = Release|Any CPU
	EndGlobalSection
	GlobalSection(SolutionProperties) = preSolution
		HideSolutionNode = FALSE
	EndGlobalSection
	GlobalSection(NestedProjects) = preSolution
		{53A9F88D-471C-2C9F-9BF3-CA6FD0B3AF85} = {A80DBF83-DCD5-128A-3B07-83B9CCE4E82C}
	EndGlobalSection
	GlobalSection(ExtensibilityGlobals) = postSolution
		SolutionGuid = {346EAE16-777D-47B7-8208-07EC0AE48A6D}
	EndGlobalSection
EndGlobal
