Microsoft Visual Studio Solution File, Format Version 12.00
# Visual Studio Version 17
VisualStudioVersion = 17.5.2.0
MinimumVisualStudioVersion = 10.0.40219.1
Project("{FAE04EC0-301F-11D3-BF4B-00C04F79EFBC}") = "TechNovaRetailSols", "TechNovaRetailSols.csproj", "{5AD8DED2-DFC6-74B3-F187-DAFFD501B604}"
EndProject
Global
	GlobalSection(SolutionConfigurationPlatforms) = preSolution
		Debug|Any CPU = Debug|Any CPU
		Release|Any CPU = Release|Any CPU
	EndGlobalSection
	GlobalSection(ProjectConfigurationPlatforms) = postSolution
		{5AD8DED2-DFC6-74B3-F187-DAFFD501B604}.Debug|Any CPU.ActiveCfg = Debug|Any CPU
		{5AD8DED2-DFC6-74B3-F187-DAFFD501B604}.Debug|Any CPU.Build.0 = Debug|Any CPU
		{5AD8DED2-DFC6-74B3-F187-DAFFD501B604}.Release|Any CPU.ActiveCfg = Release|Any CPU
		{5AD8DED2-DFC6-74B3-F187-DAFFD501B604}.Release|Any CPU.Build.0 = Release|Any CPU
	EndGlobalSection
	GlobalSection(SolutionProperties) = preSolution
		HideSolutionNode = FALSE
	EndGlobalSection
	GlobalSection(ExtensibilityGlobals) = postSolution
		SolutionGuid = {BF6E965B-3757-4EB7-954F-91D748DAF18F}
	EndGlobalSection
EndGlobal
